
Microsoft Visual Studio Solution File, Format Version 12.00
# Visual Studio 15
VisualStudioVersion = 15.0.27130.2024
MinimumVisualStudioVersion = 10.0.40219.1
Project("{FAE04EC0-301F-11D3-BF4B-00C04F79EFBC}") = "OnlineCasinoWebClient", "OnlineCasinoWebClient\OnlineCasinoWebClient.csproj", "{BE887B3D-BB8F-46D5-8720-945C80C9EE25}"
EndProject
Global
	GlobalSection(SolutionConfigurationPlatforms) = preSolution
		Debug|Any CPU = Debug|Any CPU
		Release|Any CPU = Release|Any CPU
	EndGlobalSection
	GlobalSection(ProjectConfigurationPlatforms) = postSolution
		{BE887B3D-BB8F-46D5-8720-945C80C9EE25}.Debug|Any CPU.ActiveCfg = Debug|Any CPU
		{BE887B3D-BB8F-46D5-8720-945C80C9EE25}.Debug|Any CPU.Build.0 = Debug|Any CPU
		{BE887B3D-BB8F-46D5-8720-945C80C9EE25}.Release|Any CPU.ActiveCfg = Release|Any CPU
		{BE887B3D-BB8F-46D5-8720-945C80C9EE25}.Release|Any CPU.Build.0 = Release|Any CPU
	EndGlobalSection
	GlobalSection(SolutionProperties) = preSolution
		HideSolutionNode = FALSE
	EndGlobalSection
	GlobalSection(ExtensibilityGlobals) = postSolution
		SolutionGuid = {97412DB4-F7D1-45AD-8244-ACD85B2E7F77}
	EndGlobalSection
EndGlobal
